
Microsoft Visual Studio Solution File, Format Version 12.00
# Visual Studio Version 17
VisualStudioVersion = 17.1.32421.90
MinimumVisualStudioVersion = 10.0.40219.1
Project("{FAE04EC0-301F-11D3-BF4B-00C04F79EFBC}") = "ExerHerPol2", "ExerHerPol2\ExerHerPol2.csproj", "{8E396662-E5E3-49BB-99CA-99B14A206029}"
EndProject
Global
	GlobalSection(SolutionConfigurationPlatforms) = preSolution
		Debug|Any CPU = Debug|Any CPU
		Release|Any CPU = Release|Any CPU
	EndGlobalSection
	GlobalSection(ProjectConfigurationPlatforms) = postSolution
		{8E396662-E5E3-49BB-99CA-99B14A206029}.Debug|Any CPU.ActiveCfg = Debug|Any CPU
		{8E396662-E5E3-49BB-99CA-99B14A206029}.Debug|Any CPU.Build.0 = Debug|Any CPU
		{8E396662-E5E3-49BB-99CA-99B14A206029}.Release|Any CPU.ActiveCfg = Release|Any CPU
		{8E396662-E5E3-49BB-99CA-99B14A206029}.Release|Any CPU.Build.0 = Release|Any CPU
	EndGlobalSection
	GlobalSection(SolutionProperties) = preSolution
		HideSolutionNode = FALSE
	EndGlobalSection
	GlobalSection(ExtensibilityGlobals) = postSolution
		SolutionGuid = {033B8997-3CBD-4877-9427-C61DDABFC73C}
	EndGlobalSection
EndGlobal
