
Microsoft Visual Studio Solution File, Format Version 12.00
# Visual Studio Version 17
VisualStudioVersion = 17.1.32421.90
MinimumVisualStudioVersion = 10.0.40219.1
Project("{FAE04EC0-301F-11D3-BF4B-00C04F79EFBC}") = "Exercicio1", "Exercicio1\Exercicio1.csproj", "{EB51E33A-49B1-431E-9C21-7D798928BABF}"
EndProject
Global
	GlobalSection(SolutionConfigurationPlatforms) = preSolution
		Debug|Any CPU = Debug|Any CPU
		Release|Any CPU = Release|Any CPU
	EndGlobalSection
	GlobalSection(ProjectConfigurationPlatforms) = postSolution
		{EB51E33A-49B1-431E-9C21-7D798928BABF}.Debug|Any CPU.ActiveCfg = Debug|Any CPU
		{EB51E33A-49B1-431E-9C21-7D798928BABF}.Debug|Any CPU.Build.0 = Debug|Any CPU
		{EB51E33A-49B1-431E-9C21-7D798928BABF}.Release|Any CPU.ActiveCfg = Release|Any CPU
		{EB51E33A-49B1-431E-9C21-7D798928BABF}.Release|Any CPU.Build.0 = Release|Any CPU
	EndGlobalSection
	GlobalSection(SolutionProperties) = preSolution
		HideSolutionNode = FALSE
	EndGlobalSection
	GlobalSection(ExtensibilityGlobals) = postSolution
		SolutionGuid = {2946796C-B4C5-4696-B8A2-804B77EA38BB}
	EndGlobalSection
EndGlobal
