
Microsoft Visual Studio Solution File, Format Version 12.00
# Visual Studio Version 17
VisualStudioVersion = 17.1.32421.90
MinimumVisualStudioVersion = 10.0.40219.1
Project("{FAE04EC0-301F-11D3-BF4B-00C04F79EFBC}") = "aulaListas1", "aulaListas1\aulaListas1.csproj", "{CDB27EE3-3CAB-4490-B9D3-E4FEDA8160E1}"
EndProject
Global
	GlobalSection(SolutionConfigurationPlatforms) = preSolution
		Debug|Any CPU = Debug|Any CPU
		Release|Any CPU = Release|Any CPU
	EndGlobalSection
	GlobalSection(ProjectConfigurationPlatforms) = postSolution
		{CDB27EE3-3CAB-4490-B9D3-E4FEDA8160E1}.Debug|Any CPU.ActiveCfg = Debug|Any CPU
		{CDB27EE3-3CAB-4490-B9D3-E4FEDA8160E1}.Debug|Any CPU.Build.0 = Debug|Any CPU
		{CDB27EE3-3CAB-4490-B9D3-E4FEDA8160E1}.Release|Any CPU.ActiveCfg = Release|Any CPU
		{CDB27EE3-3CAB-4490-B9D3-E4FEDA8160E1}.Release|Any CPU.Build.0 = Release|Any CPU
	EndGlobalSection
	GlobalSection(SolutionProperties) = preSolution
		HideSolutionNode = FALSE
	EndGlobalSection
	GlobalSection(ExtensibilityGlobals) = postSolution
		SolutionGuid = {08545556-3FC1-42EB-8CA9-62557AB72515}
	EndGlobalSection
EndGlobal
