
Microsoft Visual Studio Solution File, Format Version 12.00
# Visual Studio Version 17
VisualStudioVersion = 17.1.32421.90
MinimumVisualStudioVersion = 10.0.40219.1
Project("{FAE04EC0-301F-11D3-BF4B-00C04F79EFBC}") = "aulaClasse1", "aulaClasse1\aulaClasse1.csproj", "{00EC31B0-526A-477B-B891-56B3DE937E1C}"
EndProject
Global
	GlobalSection(SolutionConfigurationPlatforms) = preSolution
		Debug|Any CPU = Debug|Any CPU
		Release|Any CPU = Release|Any CPU
	EndGlobalSection
	GlobalSection(ProjectConfigurationPlatforms) = postSolution
		{00EC31B0-526A-477B-B891-56B3DE937E1C}.Debug|Any CPU.ActiveCfg = Debug|Any CPU
		{00EC31B0-526A-477B-B891-56B3DE937E1C}.Debug|Any CPU.Build.0 = Debug|Any CPU
		{00EC31B0-526A-477B-B891-56B3DE937E1C}.Release|Any CPU.ActiveCfg = Release|Any CPU
		{00EC31B0-526A-477B-B891-56B3DE937E1C}.Release|Any CPU.Build.0 = Release|Any CPU
	EndGlobalSection
	GlobalSection(SolutionProperties) = preSolution
		HideSolutionNode = FALSE
	EndGlobalSection
	GlobalSection(ExtensibilityGlobals) = postSolution
		SolutionGuid = {927CA1F3-52A1-4DC7-8E95-5F97A6A1FCA1}
	EndGlobalSection
EndGlobal
