
Microsoft Visual Studio Solution File, Format Version 12.00
# Visual Studio Version 17
VisualStudioVersion = 17.1.32421.90
MinimumVisualStudioVersion = 10.0.40219.1
Project("{FAE04EC0-301F-11D3-BF4B-00C04F79EFBC}") = "ExerHerPol1", "ExerHerPol1\ExerHerPol1.csproj", "{9246CC7D-B17C-43B8-981B-95F0F1454746}"
EndProject
Global
	GlobalSection(SolutionConfigurationPlatforms) = preSolution
		Debug|Any CPU = Debug|Any CPU
		Release|Any CPU = Release|Any CPU
	EndGlobalSection
	GlobalSection(ProjectConfigurationPlatforms) = postSolution
		{9246CC7D-B17C-43B8-981B-95F0F1454746}.Debug|Any CPU.ActiveCfg = Debug|Any CPU
		{9246CC7D-B17C-43B8-981B-95F0F1454746}.Debug|Any CPU.Build.0 = Debug|Any CPU
		{9246CC7D-B17C-43B8-981B-95F0F1454746}.Release|Any CPU.ActiveCfg = Release|Any CPU
		{9246CC7D-B17C-43B8-981B-95F0F1454746}.Release|Any CPU.Build.0 = Release|Any CPU
	EndGlobalSection
	GlobalSection(SolutionProperties) = preSolution
		HideSolutionNode = FALSE
	EndGlobalSection
	GlobalSection(ExtensibilityGlobals) = postSolution
		SolutionGuid = {0402127E-301E-4585-89B6-B4F2C548B910}
	EndGlobalSection
EndGlobal
