
Microsoft Visual Studio Solution File, Format Version 12.00
# Visual Studio Version 17
VisualStudioVersion = 17.1.32421.90
MinimumVisualStudioVersion = 10.0.40219.1
Project("{FAE04EC0-301F-11D3-BF4B-00C04F79EFBC}") = "ExercicioSequencial2", "ExercicioSequencial2\ExercicioSequencial2.csproj", "{393D9A07-1737-4D16-9079-182AD00C5513}"
EndProject
Global
	GlobalSection(SolutionConfigurationPlatforms) = preSolution
		Debug|Any CPU = Debug|Any CPU
		Release|Any CPU = Release|Any CPU
	EndGlobalSection
	GlobalSection(ProjectConfigurationPlatforms) = postSolution
		{393D9A07-1737-4D16-9079-182AD00C5513}.Debug|Any CPU.ActiveCfg = Debug|Any CPU
		{393D9A07-1737-4D16-9079-182AD00C5513}.Debug|Any CPU.Build.0 = Debug|Any CPU
		{393D9A07-1737-4D16-9079-182AD00C5513}.Release|Any CPU.ActiveCfg = Release|Any CPU
		{393D9A07-1737-4D16-9079-182AD00C5513}.Release|Any CPU.Build.0 = Release|Any CPU
	EndGlobalSection
	GlobalSection(SolutionProperties) = preSolution
		HideSolutionNode = FALSE
	EndGlobalSection
	GlobalSection(ExtensibilityGlobals) = postSolution
		SolutionGuid = {8D3D1C8A-DE30-4890-8EB6-04E3DB870CB2}
	EndGlobalSection
EndGlobal
