
Microsoft Visual Studio Solution File, Format Version 12.00
# Visual Studio Version 17
VisualStudioVersion = 17.1.32421.90
MinimumVisualStudioVersion = 10.0.40219.1
Project("{FAE04EC0-301F-11D3-BF4B-00C04F79EFBC}") = "exercicioClasse2", "exercicioClasse2\exercicioClasse2.csproj", "{733D2E73-11FA-4B66-B433-A0B474BBC35F}"
EndProject
Global
	GlobalSection(SolutionConfigurationPlatforms) = preSolution
		Debug|Any CPU = Debug|Any CPU
		Release|Any CPU = Release|Any CPU
	EndGlobalSection
	GlobalSection(ProjectConfigurationPlatforms) = postSolution
		{733D2E73-11FA-4B66-B433-A0B474BBC35F}.Debug|Any CPU.ActiveCfg = Debug|Any CPU
		{733D2E73-11FA-4B66-B433-A0B474BBC35F}.Debug|Any CPU.Build.0 = Debug|Any CPU
		{733D2E73-11FA-4B66-B433-A0B474BBC35F}.Release|Any CPU.ActiveCfg = Release|Any CPU
		{733D2E73-11FA-4B66-B433-A0B474BBC35F}.Release|Any CPU.Build.0 = Release|Any CPU
	EndGlobalSection
	GlobalSection(SolutionProperties) = preSolution
		HideSolutionNode = FALSE
	EndGlobalSection
	GlobalSection(ExtensibilityGlobals) = postSolution
		SolutionGuid = {7615F76F-8614-4579-8A64-C10F7BA023F7}
	EndGlobalSection
EndGlobal
