
Microsoft Visual Studio Solution File, Format Version 12.00
# Visual Studio Version 17
VisualStudioVersion = 17.1.32421.90
MinimumVisualStudioVersion = 10.0.40219.1
Project("{FAE04EC0-301F-11D3-BF4B-00C04F79EFBC}") = "AulaFileStream", "AulaFileStream\AulaFileStream.csproj", "{266FEF5C-0084-4BFF-9774-4106391A56A5}"
EndProject
Global
	GlobalSection(SolutionConfigurationPlatforms) = preSolution
		Debug|Any CPU = Debug|Any CPU
		Release|Any CPU = Release|Any CPU
	EndGlobalSection
	GlobalSection(ProjectConfigurationPlatforms) = postSolution
		{266FEF5C-0084-4BFF-9774-4106391A56A5}.Debug|Any CPU.ActiveCfg = Debug|Any CPU
		{266FEF5C-0084-4BFF-9774-4106391A56A5}.Debug|Any CPU.Build.0 = Debug|Any CPU
		{266FEF5C-0084-4BFF-9774-4106391A56A5}.Release|Any CPU.ActiveCfg = Release|Any CPU
		{266FEF5C-0084-4BFF-9774-4106391A56A5}.Release|Any CPU.Build.0 = Release|Any CPU
	EndGlobalSection
	GlobalSection(SolutionProperties) = preSolution
		HideSolutionNode = FALSE
	EndGlobalSection
	GlobalSection(ExtensibilityGlobals) = postSolution
		SolutionGuid = {85640489-2476-4ACC-8B32-6413D87DABBE}
	EndGlobalSection
EndGlobal
