
Microsoft Visual Studio Solution File, Format Version 12.00
# Visual Studio Version 17
VisualStudioVersion = 17.1.32421.90
MinimumVisualStudioVersion = 10.0.40219.1
Project("{FAE04EC0-301F-11D3-BF4B-00C04F79EFBC}") = "AulaInterface", "AulaInteface\AulaInterface.csproj", "{D2D7A5DD-5D02-4806-9B00-2E8892AC5EBC}"
EndProject
Global
	GlobalSection(SolutionConfigurationPlatforms) = preSolution
		Debug|Any CPU = Debug|Any CPU
		Release|Any CPU = Release|Any CPU
	EndGlobalSection
	GlobalSection(ProjectConfigurationPlatforms) = postSolution
		{D2D7A5DD-5D02-4806-9B00-2E8892AC5EBC}.Debug|Any CPU.ActiveCfg = Debug|Any CPU
		{D2D7A5DD-5D02-4806-9B00-2E8892AC5EBC}.Debug|Any CPU.Build.0 = Debug|Any CPU
		{D2D7A5DD-5D02-4806-9B00-2E8892AC5EBC}.Release|Any CPU.ActiveCfg = Release|Any CPU
		{D2D7A5DD-5D02-4806-9B00-2E8892AC5EBC}.Release|Any CPU.Build.0 = Release|Any CPU
	EndGlobalSection
	GlobalSection(SolutionProperties) = preSolution
		HideSolutionNode = FALSE
	EndGlobalSection
	GlobalSection(ExtensibilityGlobals) = postSolution
		SolutionGuid = {08090BBD-FF9A-418E-8F29-2796DF06ED50}
	EndGlobalSection
EndGlobal
