
Microsoft Visual Studio Solution File, Format Version 12.00
# Visual Studio Version 17
VisualStudioVersion = 17.1.32421.90
MinimumVisualStudioVersion = 10.0.40219.1
Project("{FAE04EC0-301F-11D3-BF4B-00C04F79EFBC}") = "ExercicioCondicionais3", "ExercicioCondicionais3\ExercicioCondicionais3.csproj", "{8B97CD1E-EFF3-4F34-A725-A3C0AD3E445F}"
EndProject
Global
	GlobalSection(SolutionConfigurationPlatforms) = preSolution
		Debug|Any CPU = Debug|Any CPU
		Release|Any CPU = Release|Any CPU
	EndGlobalSection
	GlobalSection(ProjectConfigurationPlatforms) = postSolution
		{8B97CD1E-EFF3-4F34-A725-A3C0AD3E445F}.Debug|Any CPU.ActiveCfg = Debug|Any CPU
		{8B97CD1E-EFF3-4F34-A725-A3C0AD3E445F}.Debug|Any CPU.Build.0 = Debug|Any CPU
		{8B97CD1E-EFF3-4F34-A725-A3C0AD3E445F}.Release|Any CPU.ActiveCfg = Release|Any CPU
		{8B97CD1E-EFF3-4F34-A725-A3C0AD3E445F}.Release|Any CPU.Build.0 = Release|Any CPU
	EndGlobalSection
	GlobalSection(SolutionProperties) = preSolution
		HideSolutionNode = FALSE
	EndGlobalSection
	GlobalSection(ExtensibilityGlobals) = postSolution
		SolutionGuid = {80F572DF-E157-4912-B14A-B67FE683F9B5}
	EndGlobalSection
EndGlobal
