
Microsoft Visual Studio Solution File, Format Version 12.00
# Visual Studio Version 17
VisualStudioVersion = 17.1.32421.90
MinimumVisualStudioVersion = 10.0.40219.1
Project("{FAE04EC0-301F-11D3-BF4B-00C04F79EFBC}") = "exercicioVetor1", "exercicioVetor1\exercicioVetor1.csproj", "{DD54740F-2D64-4272-A794-2BF2B79F1278}"
EndProject
Global
	GlobalSection(SolutionConfigurationPlatforms) = preSolution
		Debug|Any CPU = Debug|Any CPU
		Release|Any CPU = Release|Any CPU
	EndGlobalSection
	GlobalSection(ProjectConfigurationPlatforms) = postSolution
		{DD54740F-2D64-4272-A794-2BF2B79F1278}.Debug|Any CPU.ActiveCfg = Debug|Any CPU
		{DD54740F-2D64-4272-A794-2BF2B79F1278}.Debug|Any CPU.Build.0 = Debug|Any CPU
		{DD54740F-2D64-4272-A794-2BF2B79F1278}.Release|Any CPU.ActiveCfg = Release|Any CPU
		{DD54740F-2D64-4272-A794-2BF2B79F1278}.Release|Any CPU.Build.0 = Release|Any CPU
	EndGlobalSection
	GlobalSection(SolutionProperties) = preSolution
		HideSolutionNode = FALSE
	EndGlobalSection
	GlobalSection(ExtensibilityGlobals) = postSolution
		SolutionGuid = {79D929C4-57E9-411F-8269-DFDF46636970}
	EndGlobalSection
EndGlobal
