
Microsoft Visual Studio Solution File, Format Version 12.00
# Visual Studio Version 17
VisualStudioVersion = 17.1.32421.90
MinimumVisualStudioVersion = 10.0.40219.1
Project("{FAE04EC0-301F-11D3-BF4B-00C04F79EFBC}") = "Course1", "Course1\Course1.csproj", "{C16702B4-E9CE-43DA-B757-AE2D94A2F61E}"
EndProject
Global
	GlobalSection(SolutionConfigurationPlatforms) = preSolution
		Debug|Any CPU = Debug|Any CPU
		Release|Any CPU = Release|Any CPU
	EndGlobalSection
	GlobalSection(ProjectConfigurationPlatforms) = postSolution
		{C16702B4-E9CE-43DA-B757-AE2D94A2F61E}.Debug|Any CPU.ActiveCfg = Debug|Any CPU
		{C16702B4-E9CE-43DA-B757-AE2D94A2F61E}.Debug|Any CPU.Build.0 = Debug|Any CPU
		{C16702B4-E9CE-43DA-B757-AE2D94A2F61E}.Release|Any CPU.ActiveCfg = Release|Any CPU
		{C16702B4-E9CE-43DA-B757-AE2D94A2F61E}.Release|Any CPU.Build.0 = Release|Any CPU
	EndGlobalSection
	GlobalSection(SolutionProperties) = preSolution
		HideSolutionNode = FALSE
	EndGlobalSection
	GlobalSection(ExtensibilityGlobals) = postSolution
		SolutionGuid = {E98A2955-0A67-418F-9F68-ADAC5BBFE7C7}
	EndGlobalSection
EndGlobal
