
Microsoft Visual Studio Solution File, Format Version 12.00
# Visual Studio Version 17
VisualStudioVersion = 17.1.32421.90
MinimumVisualStudioVersion = 10.0.40219.1
Project("{FAE04EC0-301F-11D3-BF4B-00C04F79EFBC}") = "ExerEnumComp3", "ExerEnumComp3\ExerEnumComp3.csproj", "{779B2933-1FD0-4DDF-AE9B-A20290D74251}"
EndProject
Global
	GlobalSection(SolutionConfigurationPlatforms) = preSolution
		Debug|Any CPU = Debug|Any CPU
		Release|Any CPU = Release|Any CPU
	EndGlobalSection
	GlobalSection(ProjectConfigurationPlatforms) = postSolution
		{779B2933-1FD0-4DDF-AE9B-A20290D74251}.Debug|Any CPU.ActiveCfg = Debug|Any CPU
		{779B2933-1FD0-4DDF-AE9B-A20290D74251}.Debug|Any CPU.Build.0 = Debug|Any CPU
		{779B2933-1FD0-4DDF-AE9B-A20290D74251}.Release|Any CPU.ActiveCfg = Release|Any CPU
		{779B2933-1FD0-4DDF-AE9B-A20290D74251}.Release|Any CPU.Build.0 = Release|Any CPU
	EndGlobalSection
	GlobalSection(SolutionProperties) = preSolution
		HideSolutionNode = FALSE
	EndGlobalSection
	GlobalSection(ExtensibilityGlobals) = postSolution
		SolutionGuid = {0524BE47-F657-4CC3-BEF1-93AB6292E719}
	EndGlobalSection
EndGlobal
