
Microsoft Visual Studio Solution File, Format Version 12.00
# Visual Studio Version 17
VisualStudioVersion = 17.1.32421.90
MinimumVisualStudioVersion = 10.0.40219.1
Project("{FAE04EC0-301F-11D3-BF4B-00C04F79EFBC}") = "AulaComposicao1", "AulaComposicao1\AulaComposicao1.csproj", "{681B0789-5DF3-4192-B6CC-CBB4F1AF01B5}"
EndProject
Global
	GlobalSection(SolutionConfigurationPlatforms) = preSolution
		Debug|Any CPU = Debug|Any CPU
		Release|Any CPU = Release|Any CPU
	EndGlobalSection
	GlobalSection(ProjectConfigurationPlatforms) = postSolution
		{681B0789-5DF3-4192-B6CC-CBB4F1AF01B5}.Debug|Any CPU.ActiveCfg = Debug|Any CPU
		{681B0789-5DF3-4192-B6CC-CBB4F1AF01B5}.Debug|Any CPU.Build.0 = Debug|Any CPU
		{681B0789-5DF3-4192-B6CC-CBB4F1AF01B5}.Release|Any CPU.ActiveCfg = Release|Any CPU
		{681B0789-5DF3-4192-B6CC-CBB4F1AF01B5}.Release|Any CPU.Build.0 = Release|Any CPU
	EndGlobalSection
	GlobalSection(SolutionProperties) = preSolution
		HideSolutionNode = FALSE
	EndGlobalSection
	GlobalSection(ExtensibilityGlobals) = postSolution
		SolutionGuid = {DFFD2025-E0F1-4E15-9282-EDF66A84D355}
	EndGlobalSection
EndGlobal
